
Microsoft Visual Studio Solution File, Format Version 12.00
# Visual Studio 2012
Project("{FAE04EC0-301F-11D3-BF4B-00C04F79EFBC}") = "Seeger.Web", "Seeger.Web\Seeger.Web.csproj", "{5F68FE20-CA69-470E-822B-D2AF4CC72FF7}"
EndProject
Project("{FAE04EC0-301F-11D3-BF4B-00C04F79EFBC}") = "Seeger.Core", "Seeger.Core\Seeger.Core.csproj", "{673DD4E1-FCED-476D-8DDB-D474FB4C6578}"
EndProject
Project("{2150E333-8FDC-42A3-9474-1A3956D46DE8}") = "Plugins", "Plugins", "{C0C80F45-8370-4644-9F69-631256CA0B22}"
EndProject
Project("{FAE04EC0-301F-11D3-BF4B-00C04F79EFBC}") = "Seeger.Plugins.RichText", "Seeger.Web\Plugins\Seeger.Plugins.RichText\Seeger.Plugins.RichText.csproj", "{CA1E4289-64E9-4E46-814B-0FCDFCB7FF6A}"
EndProject
Project("{FAE04EC0-301F-11D3-BF4B-00C04F79EFBC}") = "Seeger.Plugins.Analytics", "Seeger.Web\Plugins\Seeger.Plugins.Analytics\Seeger.Plugins.Analytics.csproj", "{8ADD7DDC-8D7E-4F41-88FA-192BA135126C}"
EndProject
Project("{FAE04EC0-301F-11D3-BF4B-00C04F79EFBC}") = "Seeger.Plugins.ImageSlider", "Seeger.Web\Plugins\Seeger.Plugins.ImageSlider\Seeger.Plugins.ImageSlider.csproj", "{2A01C860-B363-46E8-A757-4F3FB2BDDD6C}"
EndProject
Project("{FAE04EC0-301F-11D3-BF4B-00C04F79EFBC}") = "Seeger.Core.Tests", "Tests\Seeger.Core.Tests\Seeger.Core.Tests.csproj", "{D2A62C2D-6CEB-4833-B84C-E75EE0D37881}"
EndProject
Project("{FAE04EC0-301F-11D3-BF4B-00C04F79EFBC}") = "Seeger.Plugins.AppKeepAlive", "Seeger.Web\Plugins\Seeger.Plugins.AppKeepAlive\Seeger.Plugins.AppKeepAlive.csproj", "{A3D9C95C-05C8-4E79-A62F-CABE3ECCF6E9}"
EndProject
Project("{FAE04EC0-301F-11D3-BF4B-00C04F79EFBC}") = "Seeger.Plugins.Sample", "Seeger.Web\Plugins\Seeger.Plugins.Sample\Seeger.Plugins.Sample.csproj", "{62B4CB24-2944-466D-8FA0-5DDD8AF72934}"
EndProject
Project("{FAE04EC0-301F-11D3-BF4B-00C04F79EFBC}") = "Seeger.Plugins.QiniuCloud", "Seeger.Web\Plugins\Seeger.Plugins.QiniuCloud\Seeger.Plugins.QiniuCloud.csproj", "{F5445BBC-C11A-411F-B353-33928B2B45F4}"
EndProject
Global
	GlobalSection(SolutionConfigurationPlatforms) = preSolution
		Debug|Any CPU = Debug|Any CPU
		Debug|Mixed Platforms = Debug|Mixed Platforms
		Debug|x86 = Debug|x86
		Release|Any CPU = Release|Any CPU
		Release|Mixed Platforms = Release|Mixed Platforms
		Release|x86 = Release|x86
	EndGlobalSection
	GlobalSection(ProjectConfigurationPlatforms) = postSolution
		{5F68FE20-CA69-470E-822B-D2AF4CC72FF7}.Debug|Any CPU.ActiveCfg = Debug|Any CPU
		{5F68FE20-CA69-470E-822B-D2AF4CC72FF7}.Debug|Any CPU.Build.0 = Debug|Any CPU
		{5F68FE20-CA69-470E-822B-D2AF4CC72FF7}.Debug|Mixed Platforms.ActiveCfg = Debug|Any CPU
		{5F68FE20-CA69-470E-822B-D2AF4CC72FF7}.Debug|Mixed Platforms.Build.0 = Debug|Any CPU
		{5F68FE20-CA69-470E-822B-D2AF4CC72FF7}.Debug|x86.ActiveCfg = Debug|Any CPU
		{5F68FE20-CA69-470E-822B-D2AF4CC72FF7}.Release|Any CPU.ActiveCfg = Release|Any CPU
		{5F68FE20-CA69-470E-822B-D2AF4CC72FF7}.Release|Any CPU.Build.0 = Release|Any CPU
		{5F68FE20-CA69-470E-822B-D2AF4CC72FF7}.Release|Mixed Platforms.ActiveCfg = Release|Any CPU
		{5F68FE20-CA69-470E-822B-D2AF4CC72FF7}.Release|Mixed Platforms.Build.0 = Release|Any CPU
		{5F68FE20-CA69-470E-822B-D2AF4CC72FF7}.Release|x86.ActiveCfg = Release|Any CPU
		{673DD4E1-FCED-476D-8DDB-D474FB4C6578}.Debug|Any CPU.ActiveCfg = Debug|Any CPU
		{673DD4E1-FCED-476D-8DDB-D474FB4C6578}.Debug|Any CPU.Build.0 = Debug|Any CPU
		{673DD4E1-FCED-476D-8DDB-D474FB4C6578}.Debug|Mixed Platforms.ActiveCfg = Debug|Any CPU
		{673DD4E1-FCED-476D-8DDB-D474FB4C6578}.Debug|Mixed Platforms.Build.0 = Debug|Any CPU
		{673DD4E1-FCED-476D-8DDB-D474FB4C6578}.Debug|x86.ActiveCfg = Debug|Any CPU
		{673DD4E1-FCED-476D-8DDB-D474FB4C6578}.Release|Any CPU.ActiveCfg = Release|Any CPU
		{673DD4E1-FCED-476D-8DDB-D474FB4C6578}.Release|Any CPU.Build.0 = Release|Any CPU
		{673DD4E1-FCED-476D-8DDB-D474FB4C6578}.Release|Mixed Platforms.ActiveCfg = Release|Any CPU
		{673DD4E1-FCED-476D-8DDB-D474FB4C6578}.Release|Mixed Platforms.Build.0 = Release|Any CPU
		{673DD4E1-FCED-476D-8DDB-D474FB4C6578}.Release|x86.ActiveCfg = Release|Any CPU
		{CA1E4289-64E9-4E46-814B-0FCDFCB7FF6A}.Debug|Any CPU.ActiveCfg = Debug|Any CPU
		{CA1E4289-64E9-4E46-814B-0FCDFCB7FF6A}.Debug|Any CPU.Build.0 = Debug|Any CPU
		{CA1E4289-64E9-4E46-814B-0FCDFCB7FF6A}.Debug|Mixed Platforms.ActiveCfg = Debug|Any CPU
		{CA1E4289-64E9-4E46-814B-0FCDFCB7FF6A}.Debug|Mixed Platforms.Build.0 = Debug|Any CPU
		{CA1E4289-64E9-4E46-814B-0FCDFCB7FF6A}.Debug|x86.ActiveCfg = Debug|Any CPU
		{CA1E4289-64E9-4E46-814B-0FCDFCB7FF6A}.Release|Any CPU.ActiveCfg = Release|Any CPU
		{CA1E4289-64E9-4E46-814B-0FCDFCB7FF6A}.Release|Any CPU.Build.0 = Release|Any CPU
		{CA1E4289-64E9-4E46-814B-0FCDFCB7FF6A}.Release|Mixed Platforms.ActiveCfg = Release|Any CPU
		{CA1E4289-64E9-4E46-814B-0FCDFCB7FF6A}.Release|Mixed Platforms.Build.0 = Release|Any CPU
		{CA1E4289-64E9-4E46-814B-0FCDFCB7FF6A}.Release|x86.ActiveCfg = Release|Any CPU
		{8ADD7DDC-8D7E-4F41-88FA-192BA135126C}.Debug|Any CPU.ActiveCfg = Debug|Any CPU
		{8ADD7DDC-8D7E-4F41-88FA-192BA135126C}.Debug|Any CPU.Build.0 = Debug|Any CPU
		{8ADD7DDC-8D7E-4F41-88FA-192BA135126C}.Debug|Mixed Platforms.ActiveCfg = Debug|Any CPU
		{8ADD7DDC-8D7E-4F41-88FA-192BA135126C}.Debug|Mixed Platforms.Build.0 = Debug|Any CPU
		{8ADD7DDC-8D7E-4F41-88FA-192BA135126C}.Debug|x86.ActiveCfg = Debug|Any CPU
		{8ADD7DDC-8D7E-4F41-88FA-192BA135126C}.Release|Any CPU.ActiveCfg = Release|Any CPU
		{8ADD7DDC-8D7E-4F41-88FA-192BA135126C}.Release|Any CPU.Build.0 = Release|Any CPU
		{8ADD7DDC-8D7E-4F41-88FA-192BA135126C}.Release|Mixed Platforms.ActiveCfg = Release|Any CPU
		{8ADD7DDC-8D7E-4F41-88FA-192BA135126C}.Release|Mixed Platforms.Build.0 = Release|Any CPU
		{8ADD7DDC-8D7E-4F41-88FA-192BA135126C}.Release|x86.ActiveCfg = Release|Any CPU
		{2A01C860-B363-46E8-A757-4F3FB2BDDD6C}.Debug|Any CPU.ActiveCfg = Debug|Any CPU
		{2A01C860-B363-46E8-A757-4F3FB2BDDD6C}.Debug|Any CPU.Build.0 = Debug|Any CPU
		{2A01C860-B363-46E8-A757-4F3FB2BDDD6C}.Debug|Mixed Platforms.ActiveCfg = Debug|Any CPU
		{2A01C860-B363-46E8-A757-4F3FB2BDDD6C}.Debug|Mixed Platforms.Build.0 = Debug|Any CPU
		{2A01C860-B363-46E8-A757-4F3FB2BDDD6C}.Debug|x86.ActiveCfg = Debug|Any CPU
		{2A01C860-B363-46E8-A757-4F3FB2BDDD6C}.Release|Any CPU.ActiveCfg = Release|Any CPU
		{2A01C860-B363-46E8-A757-4F3FB2BDDD6C}.Release|Any CPU.Build.0 = Release|Any CPU
		{2A01C860-B363-46E8-A757-4F3FB2BDDD6C}.Release|Mixed Platforms.ActiveCfg = Release|Any CPU
		{2A01C860-B363-46E8-A757-4F3FB2BDDD6C}.Release|Mixed Platforms.Build.0 = Release|Any CPU
		{2A01C860-B363-46E8-A757-4F3FB2BDDD6C}.Release|x86.ActiveCfg = Release|Any CPU
		{D2A62C2D-6CEB-4833-B84C-E75EE0D37881}.Debug|Any CPU.ActiveCfg = Debug|Any CPU
		{D2A62C2D-6CEB-4833-B84C-E75EE0D37881}.Debug|Any CPU.Build.0 = Debug|Any CPU
		{D2A62C2D-6CEB-4833-B84C-E75EE0D37881}.Debug|Mixed Platforms.ActiveCfg = Debug|Any CPU
		{D2A62C2D-6CEB-4833-B84C-E75EE0D37881}.Debug|Mixed Platforms.Build.0 = Debug|Any CPU
		{D2A62C2D-6CEB-4833-B84C-E75EE0D37881}.Debug|x86.ActiveCfg = Debug|Any CPU
		{D2A62C2D-6CEB-4833-B84C-E75EE0D37881}.Release|Any CPU.ActiveCfg = Release|Any CPU
		{D2A62C2D-6CEB-4833-B84C-E75EE0D37881}.Release|Any CPU.Build.0 = Release|Any CPU
		{D2A62C2D-6CEB-4833-B84C-E75EE0D37881}.Release|Mixed Platforms.ActiveCfg = Release|Any CPU
		{D2A62C2D-6CEB-4833-B84C-E75EE0D37881}.Release|Mixed Platforms.Build.0 = Release|Any CPU
		{D2A62C2D-6CEB-4833-B84C-E75EE0D37881}.Release|x86.ActiveCfg = Release|Any CPU
		{A3D9C95C-05C8-4E79-A62F-CABE3ECCF6E9}.Debug|Any CPU.ActiveCfg = Debug|Any CPU
		{A3D9C95C-05C8-4E79-A62F-CABE3ECCF6E9}.Debug|Any CPU.Build.0 = Debug|Any CPU
		{A3D9C95C-05C8-4E79-A62F-CABE3ECCF6E9}.Debug|Mixed Platforms.ActiveCfg = Debug|Any CPU
		{A3D9C95C-05C8-4E79-A62F-CABE3ECCF6E9}.Debug|Mixed Platforms.Build.0 = Debug|Any CPU
		{A3D9C95C-05C8-4E79-A62F-CABE3ECCF6E9}.Debug|x86.ActiveCfg = Debug|Any CPU
		{A3D9C95C-05C8-4E79-A62F-CABE3ECCF6E9}.Release|Any CPU.ActiveCfg = Release|Any CPU
		{A3D9C95C-05C8-4E79-A62F-CABE3ECCF6E9}.Release|Any CPU.Build.0 = Release|Any CPU
		{A3D9C95C-05C8-4E79-A62F-CABE3ECCF6E9}.Release|Mixed Platforms.ActiveCfg = Release|Any CPU
		{A3D9C95C-05C8-4E79-A62F-CABE3ECCF6E9}.Release|Mixed Platforms.Build.0 = Release|Any CPU
		{A3D9C95C-05C8-4E79-A62F-CABE3ECCF6E9}.Release|x86.ActiveCfg = Release|Any CPU
		{62B4CB24-2944-466D-8FA0-5DDD8AF72934}.Debug|Any CPU.ActiveCfg = Debug|Any CPU
		{62B4CB24-2944-466D-8FA0-5DDD8AF72934}.Debug|Any CPU.Build.0 = Debug|Any CPU
		{62B4CB24-2944-466D-8FA0-5DDD8AF72934}.Debug|Mixed Platforms.ActiveCfg = Debug|Any CPU
		{62B4CB24-2944-466D-8FA0-5DDD8AF72934}.Debug|Mixed Platforms.Build.0 = Debug|Any CPU
		{62B4CB24-2944-466D-8FA0-5DDD8AF72934}.Debug|x86.ActiveCfg = Debug|Any CPU
		{62B4CB24-2944-466D-8FA0-5DDD8AF72934}.Release|Any CPU.ActiveCfg = Release|Any CPU
		{62B4CB24-2944-466D-8FA0-5DDD8AF72934}.Release|Any CPU.Build.0 = Release|Any CPU
		{62B4CB24-2944-466D-8FA0-5DDD8AF72934}.Release|Mixed Platforms.ActiveCfg = Release|Any CPU
		{62B4CB24-2944-466D-8FA0-5DDD8AF72934}.Release|Mixed Platforms.Build.0 = Release|Any CPU
		{62B4CB24-2944-466D-8FA0-5DDD8AF72934}.Release|x86.ActiveCfg = Release|Any CPU
		{F5445BBC-C11A-411F-B353-33928B2B45F4}.Debug|Any CPU.ActiveCfg = Debug|Any CPU
		{F5445BBC-C11A-411F-B353-33928B2B45F4}.Debug|Any CPU.Build.0 = Debug|Any CPU
		{F5445BBC-C11A-411F-B353-33928B2B45F4}.Debug|Mixed Platforms.ActiveCfg = Debug|Any CPU
		{F5445BBC-C11A-411F-B353-33928B2B45F4}.Debug|Mixed Platforms.Build.0 = Debug|Any CPU
		{F5445BBC-C11A-411F-B353-33928B2B45F4}.Debug|x86.ActiveCfg = Debug|Any CPU
		{F5445BBC-C11A-411F-B353-33928B2B45F4}.Release|Any CPU.ActiveCfg = Release|Any CPU
		{F5445BBC-C11A-411F-B353-33928B2B45F4}.Release|Any CPU.Build.0 = Release|Any CPU
		{F5445BBC-C11A-411F-B353-33928B2B45F4}.Release|Mixed Platforms.ActiveCfg = Release|Any CPU
		{F5445BBC-C11A-411F-B353-33928B2B45F4}.Release|Mixed Platforms.Build.0 = Release|Any CPU
		{F5445BBC-C11A-411F-B353-33928B2B45F4}.Release|x86.ActiveCfg = Release|Any CPU
	EndGlobalSection
	GlobalSection(SolutionProperties) = preSolution
		HideSolutionNode = FALSE
	EndGlobalSection
	GlobalSection(NestedProjects) = preSolution
		{CA1E4289-64E9-4E46-814B-0FCDFCB7FF6A} = {C0C80F45-8370-4644-9F69-631256CA0B22}
		{8ADD7DDC-8D7E-4F41-88FA-192BA135126C} = {C0C80F45-8370-4644-9F69-631256CA0B22}
		{2A01C860-B363-46E8-A757-4F3FB2BDDD6C} = {C0C80F45-8370-4644-9F69-631256CA0B22}
		{A3D9C95C-05C8-4E79-A62F-CABE3ECCF6E9} = {C0C80F45-8370-4644-9F69-631256CA0B22}
		{62B4CB24-2944-466D-8FA0-5DDD8AF72934} = {C0C80F45-8370-4644-9F69-631256CA0B22}
		{F5445BBC-C11A-411F-B353-33928B2B45F4} = {C0C80F45-8370-4644-9F69-631256CA0B22}
	EndGlobalSection
EndGlobal
