
Microsoft Visual Studio Solution File, Format Version 12.00
# Visual Studio 2013
VisualStudioVersion = 12.0.30501.0
MinimumVisualStudioVersion = 10.0.40219.1
Project("{FAE04EC0-301F-11D3-BF4B-00C04F79EFBC}") = "Seeger.Web", "Seeger.Web\Seeger.Web.csproj", "{5F68FE20-CA69-470E-822B-D2AF4CC72FF7}"
EndProject
Project("{FAE04EC0-301F-11D3-BF4B-00C04F79EFBC}") = "Seeger.Core", "Seeger.Core\Seeger.Core.csproj", "{673DD4E1-FCED-476D-8DDB-D474FB4C6578}"
EndProject
Project("{2150E333-8FDC-42A3-9474-1A3956D46DE8}") = "Plugins", "Plugins", "{C0C80F45-8370-4644-9F69-631256CA0B22}"
EndProject
Project("{FAE04EC0-301F-11D3-BF4B-00C04F79EFBC}") = "Seeger.Plugins.RichText", "Seeger.Web\Plugins\Seeger.Plugins.RichText\Seeger.Plugins.RichText.csproj", "{CA1E4289-64E9-4E46-814B-0FCDFCB7FF6A}"
EndProject
Project("{FAE04EC0-301F-11D3-BF4B-00C04F79EFBC}") = "Seeger.Plugins.Analytics", "Seeger.Web\Plugins\Seeger.Plugins.Analytics\Seeger.Plugins.Analytics.csproj", "{8ADD7DDC-8D7E-4F41-88FA-192BA135126C}"
EndProject
Project("{FAE04EC0-301F-11D3-BF4B-00C04F79EFBC}") = "Seeger.Plugins.ImageSlider", "Seeger.Web\Plugins\Seeger.Plugins.ImageSlider\Seeger.Plugins.ImageSlider.csproj", "{2A01C860-B363-46E8-A757-4F3FB2BDDD6C}"
EndProject
Project("{FAE04EC0-301F-11D3-BF4B-00C04F79EFBC}") = "Seeger.Plugins.AppKeepAlive", "Seeger.Web\Plugins\Seeger.Plugins.AppKeepAlive\Seeger.Plugins.AppKeepAlive.csproj", "{A3D9C95C-05C8-4E79-A62F-CABE3ECCF6E9}"
EndProject
Project("{FAE04EC0-301F-11D3-BF4B-00C04F79EFBC}") = "Seeger.Plugins.Sample", "Seeger.Web\Plugins\Seeger.Plugins.Sample\Seeger.Plugins.Sample.csproj", "{62B4CB24-2944-466D-8FA0-5DDD8AF72934}"
EndProject
Project("{FAE04EC0-301F-11D3-BF4B-00C04F79EFBC}") = "Seeger.Plugins.QiniuCloud", "Seeger.Web\Plugins\Seeger.Plugins.QiniuCloud\Seeger.Plugins.QiniuCloud.csproj", "{F5445BBC-C11A-411F-B353-33928B2B45F4}"
EndProject
Project("{FAE04EC0-301F-11D3-BF4B-00C04F79EFBC}") = "Seeger.Core.Tests", "Tests\Seeger.Core.Tests\Seeger.Core.Tests.csproj", "{D2A62C2D-6CEB-4833-B84C-E75EE0D37881}"
EndProject
Project("{FAE04EC0-301F-11D3-BF4B-00C04F79EFBC}") = "Seeger.Plugins.Seo", "Seeger.Web\Plugins\Seeger.Plugins.Seo\Seeger.Plugins.Seo.csproj", "{05B8F8D7-AD0A-4CEC-BADB-6CBA6FE8BF89}"
EndProject
Project("{FAE04EC0-301F-11D3-BF4B-00C04F79EFBC}") = "Seeger.Plugins.Comments", "Seeger.Web\Plugins\Seeger.Plugins.Comments\Seeger.Plugins.Comments.csproj", "{4DBE04C7-2A47-4059-9343-3AB5D0DFBC95}"
EndProject
Project("{2150E333-8FDC-42A3-9474-1A3956D46DE8}") = ".nuget", ".nuget", "{477F68B5-1701-451A-8C1C-08C47A5C18B1}"
	ProjectSection(SolutionItems) = preProject
		.nuget\NuGet.Config = .nuget\NuGet.Config
		.nuget\NuGet.exe = .nuget\NuGet.exe
		.nuget\NuGet.targets = .nuget\NuGet.targets
	EndProjectSection
EndProject
Global
	GlobalSection(SolutionConfigurationPlatforms) = preSolution
		Debug|Any CPU = Debug|Any CPU
		Debug|Mixed Platforms = Debug|Mixed Platforms
		Debug|x86 = Debug|x86
		Release|Any CPU = Release|Any CPU
		Release|Mixed Platforms = Release|Mixed Platforms
		Release|x86 = Release|x86
	EndGlobalSection
	GlobalSection(ProjectConfigurationPlatforms) = postSolution
		{5F68FE20-CA69-470E-822B-D2AF4CC72FF7}.Debug|Any CPU.ActiveCfg = Debug|Any CPU
		{5F68FE20-CA69-470E-822B-D2AF4CC72FF7}.Debug|Any CPU.Build.0 = Debug|Any CPU
		{5F68FE20-CA69-470E-822B-D2AF4CC72FF7}.Debug|Mixed Platforms.ActiveCfg = Debug|Any CPU
		{5F68FE20-CA69-470E-822B-D2AF4CC72FF7}.Debug|Mixed Platforms.Build.0 = Debug|Any CPU
		{5F68FE20-CA69-470E-822B-D2AF4CC72FF7}.Debug|x86.ActiveCfg = Debug|Any CPU
		{5F68FE20-CA69-470E-822B-D2AF4CC72FF7}.Release|Any CPU.ActiveCfg = Release|Any CPU
		{5F68FE20-CA69-470E-822B-D2AF4CC72FF7}.Release|Any CPU.Build.0 = Release|Any CPU
		{5F68FE20-CA69-470E-822B-D2AF4CC72FF7}.Release|Mixed Platforms.ActiveCfg = Release|Any CPU
		{5F68FE20-CA69-470E-822B-D2AF4CC72FF7}.Release|Mixed Platforms.Build.0 = Release|Any CPU
		{5F68FE20-CA69-470E-822B-D2AF4CC72FF7}.Release|x86.ActiveCfg = Release|Any CPU
		{673DD4E1-FCED-476D-8DDB-D474FB4C6578}.Debug|Any CPU.ActiveCfg = Debug|Any CPU
		{673DD4E1-FCED-476D-8DDB-D474FB4C6578}.Debug|Any CPU.Build.0 = Debug|Any CPU
		{673DD4E1-FCED-476D-8DDB-D474FB4C6578}.Debug|Mixed Platforms.ActiveCfg = Debug|Any CPU
		{673DD4E1-FCED-476D-8DDB-D474FB4C6578}.Debug|Mixed Platforms.Build.0 = Debug|Any CPU
		{673DD4E1-FCED-476D-8DDB-D474FB4C6578}.Debug|x86.ActiveCfg = Debug|Any CPU
		{673DD4E1-FCED-476D-8DDB-D474FB4C6578}.Release|Any CPU.ActiveCfg = Release|Any CPU
		{673DD4E1-FCED-476D-8DDB-D474FB4C6578}.Release|Any CPU.Build.0 = Release|Any CPU
		{673DD4E1-FCED-476D-8DDB-D474FB4C6578}.Release|Mixed Platforms.ActiveCfg = Release|Any CPU
		{673DD4E1-FCED-476D-8DDB-D474FB4C6578}.Release|Mixed Platforms.Build.0 = Release|Any CPU
		{673DD4E1-FCED-476D-8DDB-D474FB4C6578}.Release|x86.ActiveCfg = Release|Any CPU
		{CA1E4289-64E9-4E46-814B-0FCDFCB7FF6A}.Debug|Any CPU.ActiveCfg = Debug|Any CPU
		{CA1E4289-64E9-4E46-814B-0FCDFCB7FF6A}.Debug|Any CPU.Build.0 = Debug|Any CPU
		{CA1E4289-64E9-4E46-814B-0FCDFCB7FF6A}.Debug|Mixed Platforms.ActiveCfg = Debug|Any CPU
		{CA1E4289-64E9-4E46-814B-0FCDFCB7FF6A}.Debug|Mixed Platforms.Build.0 = Debug|Any CPU
		{CA1E4289-64E9-4E46-814B-0FCDFCB7FF6A}.Debug|x86.ActiveCfg = Debug|Any CPU
		{CA1E4289-64E9-4E46-814B-0FCDFCB7FF6A}.Release|Any CPU.ActiveCfg = Release|Any CPU
		{CA1E4289-64E9-4E46-814B-0FCDFCB7FF6A}.Release|Any CPU.Build.0 = Release|Any CPU
		{CA1E4289-64E9-4E46-814B-0FCDFCB7FF6A}.Release|Mixed Platforms.ActiveCfg = Release|Any CPU
		{CA1E4289-64E9-4E46-814B-0FCDFCB7FF6A}.Release|Mixed Platforms.Build.0 = Release|Any CPU
		{CA1E4289-64E9-4E46-814B-0FCDFCB7FF6A}.Release|x86.ActiveCfg = Release|Any CPU
		{8ADD7DDC-8D7E-4F41-88FA-192BA135126C}.Debug|Any CPU.ActiveCfg = Debug|Any CPU
		{8ADD7DDC-8D7E-4F41-88FA-192BA135126C}.Debug|Any CPU.Build.0 = Debug|Any CPU
		{8ADD7DDC-8D7E-4F41-88FA-192BA135126C}.Debug|Mixed Platforms.ActiveCfg = Debug|Any CPU
		{8ADD7DDC-8D7E-4F41-88FA-192BA135126C}.Debug|Mixed Platforms.Build.0 = Debug|Any CPU
		{8ADD7DDC-8D7E-4F41-88FA-192BA135126C}.Debug|x86.ActiveCfg = Debug|Any CPU
		{8ADD7DDC-8D7E-4F41-88FA-192BA135126C}.Release|Any CPU.ActiveCfg = Release|Any CPU
		{8ADD7DDC-8D7E-4F41-88FA-192BA135126C}.Release|Any CPU.Build.0 = Release|Any CPU
		{8ADD7DDC-8D7E-4F41-88FA-192BA135126C}.Release|Mixed Platforms.ActiveCfg = Release|Any CPU
		{8ADD7DDC-8D7E-4F41-88FA-192BA135126C}.Release|Mixed Platforms.Build.0 = Release|Any CPU
		{8ADD7DDC-8D7E-4F41-88FA-192BA135126C}.Release|x86.ActiveCfg = Release|Any CPU
		{2A01C860-B363-46E8-A757-4F3FB2BDDD6C}.Debug|Any CPU.ActiveCfg = Debug|Any CPU
		{2A01C860-B363-46E8-A757-4F3FB2BDDD6C}.Debug|Any CPU.Build.0 = Debug|Any CPU
		{2A01C860-B363-46E8-A757-4F3FB2BDDD6C}.Debug|Mixed Platforms.ActiveCfg = Debug|Any CPU
		{2A01C860-B363-46E8-A757-4F3FB2BDDD6C}.Debug|Mixed Platforms.Build.0 = Debug|Any CPU
		{2A01C860-B363-46E8-A757-4F3FB2BDDD6C}.Debug|x86.ActiveCfg = Debug|Any CPU
		{2A01C860-B363-46E8-A757-4F3FB2BDDD6C}.Release|Any CPU.ActiveCfg = Release|Any CPU
		{2A01C860-B363-46E8-A757-4F3FB2BDDD6C}.Release|Any CPU.Build.0 = Release|Any CPU
		{2A01C860-B363-46E8-A757-4F3FB2BDDD6C}.Release|Mixed Platforms.ActiveCfg = Release|Any CPU
		{2A01C860-B363-46E8-A757-4F3FB2BDDD6C}.Release|Mixed Platforms.Build.0 = Release|Any CPU
		{2A01C860-B363-46E8-A757-4F3FB2BDDD6C}.Release|x86.ActiveCfg = Release|Any CPU
		{A3D9C95C-05C8-4E79-A62F-CABE3ECCF6E9}.Debug|Any CPU.ActiveCfg = Debug|Any CPU
		{A3D9C95C-05C8-4E79-A62F-CABE3ECCF6E9}.Debug|Any CPU.Build.0 = Debug|Any CPU
		{A3D9C95C-05C8-4E79-A62F-CABE3ECCF6E9}.Debug|Mixed Platforms.ActiveCfg = Debug|Any CPU
		{A3D9C95C-05C8-4E79-A62F-CABE3ECCF6E9}.Debug|Mixed Platforms.Build.0 = Debug|Any CPU
		{A3D9C95C-05C8-4E79-A62F-CABE3ECCF6E9}.Debug|x86.ActiveCfg = Debug|Any CPU
		{A3D9C95C-05C8-4E79-A62F-CABE3ECCF6E9}.Release|Any CPU.ActiveCfg = Release|Any CPU
		{A3D9C95C-05C8-4E79-A62F-CABE3ECCF6E9}.Release|Any CPU.Build.0 = Release|Any CPU
		{A3D9C95C-05C8-4E79-A62F-CABE3ECCF6E9}.Release|Mixed Platforms.ActiveCfg = Release|Any CPU
		{A3D9C95C-05C8-4E79-A62F-CABE3ECCF6E9}.Release|Mixed Platforms.Build.0 = Release|Any CPU
		{A3D9C95C-05C8-4E79-A62F-CABE3ECCF6E9}.Release|x86.ActiveCfg = Release|Any CPU
		{62B4CB24-2944-466D-8FA0-5DDD8AF72934}.Debug|Any CPU.ActiveCfg = Debug|Any CPU
		{62B4CB24-2944-466D-8FA0-5DDD8AF72934}.Debug|Any CPU.Build.0 = Debug|Any CPU
		{62B4CB24-2944-466D-8FA0-5DDD8AF72934}.Debug|Mixed Platforms.ActiveCfg = Debug|Any CPU
		{62B4CB24-2944-466D-8FA0-5DDD8AF72934}.Debug|Mixed Platforms.Build.0 = Debug|Any CPU
		{62B4CB24-2944-466D-8FA0-5DDD8AF72934}.Debug|x86.ActiveCfg = Debug|Any CPU
		{62B4CB24-2944-466D-8FA0-5DDD8AF72934}.Release|Any CPU.ActiveCfg = Release|Any CPU
		{62B4CB24-2944-466D-8FA0-5DDD8AF72934}.Release|Any CPU.Build.0 = Release|Any CPU
		{62B4CB24-2944-466D-8FA0-5DDD8AF72934}.Release|Mixed Platforms.ActiveCfg = Release|Any CPU
		{62B4CB24-2944-466D-8FA0-5DDD8AF72934}.Release|Mixed Platforms.Build.0 = Release|Any CPU
		{62B4CB24-2944-466D-8FA0-5DDD8AF72934}.Release|x86.ActiveCfg = Release|Any CPU
		{F5445BBC-C11A-411F-B353-33928B2B45F4}.Debug|Any CPU.ActiveCfg = Debug|Any CPU
		{F5445BBC-C11A-411F-B353-33928B2B45F4}.Debug|Any CPU.Build.0 = Debug|Any CPU
		{F5445BBC-C11A-411F-B353-33928B2B45F4}.Debug|Mixed Platforms.ActiveCfg = Debug|Any CPU
		{F5445BBC-C11A-411F-B353-33928B2B45F4}.Debug|Mixed Platforms.Build.0 = Debug|Any CPU
		{F5445BBC-C11A-411F-B353-33928B2B45F4}.Debug|x86.ActiveCfg = Debug|Any CPU
		{F5445BBC-C11A-411F-B353-33928B2B45F4}.Release|Any CPU.ActiveCfg = Release|Any CPU
		{F5445BBC-C11A-411F-B353-33928B2B45F4}.Release|Any CPU.Build.0 = Release|Any CPU
		{F5445BBC-C11A-411F-B353-33928B2B45F4}.Release|Mixed Platforms.ActiveCfg = Release|Any CPU
		{F5445BBC-C11A-411F-B353-33928B2B45F4}.Release|Mixed Platforms.Build.0 = Release|Any CPU
		{F5445BBC-C11A-411F-B353-33928B2B45F4}.Release|x86.ActiveCfg = Release|Any CPU
		{D2A62C2D-6CEB-4833-B84C-E75EE0D37881}.Debug|Any CPU.ActiveCfg = Debug|Any CPU
		{D2A62C2D-6CEB-4833-B84C-E75EE0D37881}.Debug|Any CPU.Build.0 = Debug|Any CPU
		{D2A62C2D-6CEB-4833-B84C-E75EE0D37881}.Debug|Mixed Platforms.ActiveCfg = Debug|Any CPU
		{D2A62C2D-6CEB-4833-B84C-E75EE0D37881}.Debug|Mixed Platforms.Build.0 = Debug|Any CPU
		{D2A62C2D-6CEB-4833-B84C-E75EE0D37881}.Debug|x86.ActiveCfg = Debug|Any CPU
		{D2A62C2D-6CEB-4833-B84C-E75EE0D37881}.Release|Any CPU.ActiveCfg = Release|Any CPU
		{D2A62C2D-6CEB-4833-B84C-E75EE0D37881}.Release|Any CPU.Build.0 = Release|Any CPU
		{D2A62C2D-6CEB-4833-B84C-E75EE0D37881}.Release|Mixed Platforms.ActiveCfg = Release|Any CPU
		{D2A62C2D-6CEB-4833-B84C-E75EE0D37881}.Release|Mixed Platforms.Build.0 = Release|Any CPU
		{D2A62C2D-6CEB-4833-B84C-E75EE0D37881}.Release|x86.ActiveCfg = Release|Any CPU
		{05B8F8D7-AD0A-4CEC-BADB-6CBA6FE8BF89}.Debug|Any CPU.ActiveCfg = Debug|Any CPU
		{05B8F8D7-AD0A-4CEC-BADB-6CBA6FE8BF89}.Debug|Any CPU.Build.0 = Debug|Any CPU
		{05B8F8D7-AD0A-4CEC-BADB-6CBA6FE8BF89}.Debug|Mixed Platforms.ActiveCfg = Debug|Any CPU
		{05B8F8D7-AD0A-4CEC-BADB-6CBA6FE8BF89}.Debug|Mixed Platforms.Build.0 = Debug|Any CPU
		{05B8F8D7-AD0A-4CEC-BADB-6CBA6FE8BF89}.Debug|x86.ActiveCfg = Debug|Any CPU
		{05B8F8D7-AD0A-4CEC-BADB-6CBA6FE8BF89}.Release|Any CPU.ActiveCfg = Release|Any CPU
		{05B8F8D7-AD0A-4CEC-BADB-6CBA6FE8BF89}.Release|Any CPU.Build.0 = Release|Any CPU
		{05B8F8D7-AD0A-4CEC-BADB-6CBA6FE8BF89}.Release|Mixed Platforms.ActiveCfg = Release|Any CPU
		{05B8F8D7-AD0A-4CEC-BADB-6CBA6FE8BF89}.Release|Mixed Platforms.Build.0 = Release|Any CPU
		{05B8F8D7-AD0A-4CEC-BADB-6CBA6FE8BF89}.Release|x86.ActiveCfg = Release|Any CPU
		{4DBE04C7-2A47-4059-9343-3AB5D0DFBC95}.Debug|Any CPU.ActiveCfg = Debug|Any CPU
		{4DBE04C7-2A47-4059-9343-3AB5D0DFBC95}.Debug|Any CPU.Build.0 = Debug|Any CPU
		{4DBE04C7-2A47-4059-9343-3AB5D0DFBC95}.Debug|Mixed Platforms.ActiveCfg = Debug|Any CPU
		{4DBE04C7-2A47-4059-9343-3AB5D0DFBC95}.Debug|Mixed Platforms.Build.0 = Debug|Any CPU
		{4DBE04C7-2A47-4059-9343-3AB5D0DFBC95}.Debug|x86.ActiveCfg = Debug|Any CPU
		{4DBE04C7-2A47-4059-9343-3AB5D0DFBC95}.Release|Any CPU.ActiveCfg = Release|Any CPU
		{4DBE04C7-2A47-4059-9343-3AB5D0DFBC95}.Release|Any CPU.Build.0 = Release|Any CPU
		{4DBE04C7-2A47-4059-9343-3AB5D0DFBC95}.Release|Mixed Platforms.ActiveCfg = Release|Any CPU
		{4DBE04C7-2A47-4059-9343-3AB5D0DFBC95}.Release|Mixed Platforms.Build.0 = Release|Any CPU
		{4DBE04C7-2A47-4059-9343-3AB5D0DFBC95}.Release|x86.ActiveCfg = Release|Any CPU
	EndGlobalSection
	GlobalSection(SolutionProperties) = preSolution
		HideSolutionNode = FALSE
	EndGlobalSection
	GlobalSection(NestedProjects) = preSolution
		{CA1E4289-64E9-4E46-814B-0FCDFCB7FF6A} = {C0C80F45-8370-4644-9F69-631256CA0B22}
		{8ADD7DDC-8D7E-4F41-88FA-192BA135126C} = {C0C80F45-8370-4644-9F69-631256CA0B22}
		{2A01C860-B363-46E8-A757-4F3FB2BDDD6C} = {C0C80F45-8370-4644-9F69-631256CA0B22}
		{A3D9C95C-05C8-4E79-A62F-CABE3ECCF6E9} = {C0C80F45-8370-4644-9F69-631256CA0B22}
		{62B4CB24-2944-466D-8FA0-5DDD8AF72934} = {C0C80F45-8370-4644-9F69-631256CA0B22}
		{F5445BBC-C11A-411F-B353-33928B2B45F4} = {C0C80F45-8370-4644-9F69-631256CA0B22}
		{05B8F8D7-AD0A-4CEC-BADB-6CBA6FE8BF89} = {C0C80F45-8370-4644-9F69-631256CA0B22}
		{4DBE04C7-2A47-4059-9343-3AB5D0DFBC95} = {C0C80F45-8370-4644-9F69-631256CA0B22}
	EndGlobalSection
	GlobalSection(MonoDevelopProperties) = preSolution
		StartupItem = Seeger.Web\Seeger.Web.csproj
		Policies = $0
		$0.TextStylePolicy = $13
		$1.inheritsSet = null
		$1.scope = application/x-aspx
		$2.inheritsSet = VisualStudio
		$2.inheritsScope = text/plain
		$2.scope = text/plain
		$3.inheritsSet = null
		$3.scope = application/x-ascx
		$4.inheritsSet = null
		$4.scope = application/x-asmx
		$5.inheritsSet = null
		$5.scope = application/javascript
		$6.inheritsSet = null
		$6.scope = application/x-ashx
		$7.inheritsSet = null
		$7.scope = application/config+xml
		$0.XmlFormattingPolicy = $8
		$8.inheritsSet = null
		$8.scope = application/config+xml
		$9.inheritsSet = null
		$9.scope = application/x-master-page
		$10.inheritsSet = null
		$10.scope = text/css
		$11.inheritsSet = null
		$11.scope = text/html
		$12.inheritsSet = null
		$12.scope = application/x-asax
		$13.inheritsSet = VisualStudio
		$13.inheritsScope = text/plain
		$13.scope = text/x-csharp
		$0.CSharpFormattingPolicy = $14
		$14.IndentSwitchBody = True
		$14.IndentBlocksInsideExpressions = True
		$14.AnonymousMethodBraceStyle = NextLine
		$14.PropertyBraceStyle = NextLine
		$14.PropertyGetBraceStyle = NextLine
		$14.PropertySetBraceStyle = NextLine
		$14.EventBraceStyle = NextLine
		$14.EventAddBraceStyle = NextLine
		$14.EventRemoveBraceStyle = NextLine
		$14.StatementBraceStyle = NextLine
		$14.ElseNewLinePlacement = NewLine
		$14.CatchNewLinePlacement = NewLine
		$14.FinallyNewLinePlacement = NewLine
		$14.WhileNewLinePlacement = DoNotCare
		$14.ArrayInitializerWrapping = DoNotChange
		$14.ArrayInitializerBraceStyle = NextLine
		$14.BeforeMethodDeclarationParentheses = False
		$14.BeforeMethodCallParentheses = False
		$14.BeforeConstructorDeclarationParentheses = False
		$14.NewLineBeforeConstructorInitializerColon = NewLine
		$14.NewLineAfterConstructorInitializerColon = SameLine
		$14.BeforeDelegateDeclarationParentheses = False
		$14.NewParentheses = False
		$14.SpacesBeforeBrackets = False
		$14.inheritsSet = Mono
		$14.inheritsScope = text/x-csharp
		$14.scope = text/x-csharp
		$0.StandardHeader = $15
		$15.Text = 
		$15.IncludeInNewFiles = True
		$0.NameConventionPolicy = $16
		$16.Rules = $17
		$17.NamingRule = $37
		$18.Name = Namespaces
		$18.AffectedEntity = Namespace
		$18.VisibilityMask = VisibilityMask
		$18.NamingStyle = PascalCase
		$18.IncludeInstanceMembers = True
		$18.IncludeStaticEntities = True
		$19.Name = Types
		$19.AffectedEntity = Class, Struct, Enum, Delegate
		$19.VisibilityMask = Public
		$19.NamingStyle = PascalCase
		$19.IncludeInstanceMembers = True
		$19.IncludeStaticEntities = True
		$20.Name = Interfaces
		$20.RequiredPrefixes = $21
		$21.String = I
		$20.AffectedEntity = Interface
		$20.VisibilityMask = Public
		$20.NamingStyle = PascalCase
		$20.IncludeInstanceMembers = True
		$20.IncludeStaticEntities = True
		$22.Name = Attributes
		$22.RequiredSuffixes = $23
		$23.String = Attribute
		$22.AffectedEntity = CustomAttributes
		$22.VisibilityMask = Public
		$22.NamingStyle = PascalCase
		$22.IncludeInstanceMembers = True
		$22.IncludeStaticEntities = True
		$24.Name = Event Arguments
		$24.RequiredSuffixes = $25
		$25.String = EventArgs
		$24.AffectedEntity = CustomEventArgs
		$24.VisibilityMask = Public
		$24.NamingStyle = PascalCase
		$24.IncludeInstanceMembers = True
		$24.IncludeStaticEntities = True
		$26.Name = Exceptions
		$26.RequiredSuffixes = $27
		$27.String = Exception
		$26.AffectedEntity = CustomExceptions
		$26.VisibilityMask = VisibilityMask
		$26.NamingStyle = PascalCase
		$26.IncludeInstanceMembers = True
		$26.IncludeStaticEntities = True
		$28.Name = Methods
		$28.AffectedEntity = Methods
		$28.VisibilityMask = Protected, Public
		$28.NamingStyle = PascalCase
		$28.IncludeInstanceMembers = True
		$28.IncludeStaticEntities = True
		$29.Name = Static Readonly Fields
		$29.AffectedEntity = ReadonlyField
		$29.VisibilityMask = Protected, Public
		$29.NamingStyle = PascalCase
		$29.IncludeInstanceMembers = False
		$29.IncludeStaticEntities = True
		$30.Name = Fields
		$30.AffectedEntity = Field
		$30.VisibilityMask = Protected, Public
		$30.NamingStyle = PascalCase
		$30.IncludeInstanceMembers = True
		$30.IncludeStaticEntities = True
		$31.Name = ReadOnly Fields
		$31.AffectedEntity = ReadonlyField
		$31.VisibilityMask = Protected, Public
		$31.NamingStyle = PascalCase
		$31.IncludeInstanceMembers = True
		$31.IncludeStaticEntities = False
		$32.Name = Constant Fields
		$32.AffectedEntity = ConstantField
		$32.VisibilityMask = Protected, Public
		$32.NamingStyle = PascalCase
		$32.IncludeInstanceMembers = True
		$32.IncludeStaticEntities = True
		$33.Name = Properties
		$33.AffectedEntity = Property
		$33.VisibilityMask = Protected, Public
		$33.NamingStyle = PascalCase
		$33.IncludeInstanceMembers = True
		$33.IncludeStaticEntities = True
		$34.Name = Events
		$34.AffectedEntity = Event
		$34.VisibilityMask = Protected, Public
		$34.NamingStyle = PascalCase
		$34.IncludeInstanceMembers = True
		$34.IncludeStaticEntities = True
		$35.Name = Enum Members
		$35.AffectedEntity = EnumMember
		$35.VisibilityMask = VisibilityMask
		$35.NamingStyle = PascalCase
		$35.IncludeInstanceMembers = True
		$35.IncludeStaticEntities = True
		$36.Name = Parameters
		$36.AffectedEntity = Parameter
		$36.VisibilityMask = VisibilityMask
		$36.NamingStyle = CamelCase
		$36.IncludeInstanceMembers = True
		$36.IncludeStaticEntities = True
		$37.Name = Type Parameters
		$37.RequiredPrefixes = $38
		$38.String = T
		$37.AffectedEntity = TypeParameter
		$37.VisibilityMask = VisibilityMask
		$37.NamingStyle = PascalCase
		$37.IncludeInstanceMembers = True
		$37.IncludeStaticEntities = True
	EndGlobalSection
EndGlobal
